
Microsoft Visual Studio Solution File, Format Version 12.00
# Visual Studio Version 17
VisualStudioVersion = 17.3.32819.101
MinimumVisualStudioVersion = 10.0.40219.1
Project("{FAE04EC0-301F-11D3-BF4B-00C04F79EFBC}") = "Registro", "Registro\Registro.csproj", "{1BA3EBD3-736A-4E69-9F68-BFCD9426F304}"
EndProject
Global
	GlobalSection(SolutionConfigurationPlatforms) = preSolution
		Debug|Any CPU = Debug|Any CPU
		Release|Any CPU = Release|Any CPU
	EndGlobalSection
	GlobalSection(ProjectConfigurationPlatforms) = postSolution
		{1BA3EBD3-736A-4E69-9F68-BFCD9426F304}.Debug|Any CPU.ActiveCfg = Debug|Any CPU
		{1BA3EBD3-736A-4E69-9F68-BFCD9426F304}.Debug|Any CPU.Build.0 = Debug|Any CPU
		{1BA3EBD3-736A-4E69-9F68-BFCD9426F304}.Release|Any CPU.ActiveCfg = Release|Any CPU
		{1BA3EBD3-736A-4E69-9F68-BFCD9426F304}.Release|Any CPU.Build.0 = Release|Any CPU
	EndGlobalSection
	GlobalSection(SolutionProperties) = preSolution
		HideSolutionNode = FALSE
	EndGlobalSection
	GlobalSection(ExtensibilityGlobals) = postSolution
		SolutionGuid = {AE67B971-F280-49F2-BBD8-C2F6E3B4B94A}
	EndGlobalSection
EndGlobal
